
Microsoft Visual Studio Solution File, Format Version 12.00
# Visual Studio Version 17
VisualStudioVersion = 17.0.31903.59
MinimumVisualStudioVersion = 10.0.40219.1
Project("{FAE04EC0-301F-11D3-BF4B-00C04F79EFBC}") = "ProductosHexagonal.Domain", "ProductosHexagonal.Domain\ProductosHexagonal.Domain.csproj", "{CA92E050-AC8B-4D39-9176-0C27DFB455BB}"
EndProject
Project("{FAE04EC0-301F-11D3-BF4B-00C04F79EFBC}") = "ProductosHexagonal.Application", "ProductosHexagonal.Application\ProductosHexagonal.Application.csproj", "{9C3779BE-915B-45F5-9B75-0E7AB7CEB2E9}"
EndProject
Project("{FAE04EC0-301F-11D3-BF4B-00C04F79EFBC}") = "ProductosHexagonal.Infrastructure", "ProductosHexagonal.Infrastructure\ProductosHexagonal.Infrastructure.csproj", "{912A7BBB-3F91-4561-8440-0907856DE44B}"
EndProject
Project("{FAE04EC0-301F-11D3-BF4B-00C04F79EFBC}") = "ProductosHexagonal.API", "ProductosHexagonal.API\ProductosHexagonal.API.csproj", "{B2B6E996-7536-4036-946F-6ADCE99C7BE0}"
EndProject
Global
	GlobalSection(SolutionConfigurationPlatforms) = preSolution
		Debug|Any CPU = Debug|Any CPU
		Debug|x64 = Debug|x64
		Debug|x86 = Debug|x86
		Release|Any CPU = Release|Any CPU
		Release|x64 = Release|x64
		Release|x86 = Release|x86
	EndGlobalSection
	GlobalSection(ProjectConfigurationPlatforms) = postSolution
		{CA92E050-AC8B-4D39-9176-0C27DFB455BB}.Debug|Any CPU.ActiveCfg = Debug|Any CPU
		{CA92E050-AC8B-4D39-9176-0C27DFB455BB}.Debug|Any CPU.Build.0 = Debug|Any CPU
		{CA92E050-AC8B-4D39-9176-0C27DFB455BB}.Debug|x64.ActiveCfg = Debug|Any CPU
		{CA92E050-AC8B-4D39-9176-0C27DFB455BB}.Debug|x64.Build.0 = Debug|Any CPU
		{CA92E050-AC8B-4D39-9176-0C27DFB455BB}.Debug|x86.ActiveCfg = Debug|Any CPU
		{CA92E050-AC8B-4D39-9176-0C27DFB455BB}.Debug|x86.Build.0 = Debug|Any CPU
		{CA92E050-AC8B-4D39-9176-0C27DFB455BB}.Release|Any CPU.ActiveCfg = Release|Any CPU
		{CA92E050-AC8B-4D39-9176-0C27DFB455BB}.Release|Any CPU.Build.0 = Release|Any CPU
		{CA92E050-AC8B-4D39-9176-0C27DFB455BB}.Release|x64.ActiveCfg = Release|Any CPU
		{CA92E050-AC8B-4D39-9176-0C27DFB455BB}.Release|x64.Build.0 = Release|Any CPU
		{CA92E050-AC8B-4D39-9176-0C27DFB455BB}.Release|x86.ActiveCfg = Release|Any CPU
		{CA92E050-AC8B-4D39-9176-0C27DFB455BB}.Release|x86.Build.0 = Release|Any CPU
		{9C3779BE-915B-45F5-9B75-0E7AB7CEB2E9}.Debug|Any CPU.ActiveCfg = Debug|Any CPU
		{9C3779BE-915B-45F5-9B75-0E7AB7CEB2E9}.Debug|Any CPU.Build.0 = Debug|Any CPU
		{9C3779BE-915B-45F5-9B75-0E7AB7CEB2E9}.Debug|x64.ActiveCfg = Debug|Any CPU
		{9C3779BE-915B-45F5-9B75-0E7AB7CEB2E9}.Debug|x64.Build.0 = Debug|Any CPU
		{9C3779BE-915B-45F5-9B75-0E7AB7CEB2E9}.Debug|x86.ActiveCfg = Debug|Any CPU
		{9C3779BE-915B-45F5-9B75-0E7AB7CEB2E9}.Debug|x86.Build.0 = Debug|Any CPU
		{9C3779BE-915B-45F5-9B75-0E7AB7CEB2E9}.Release|Any CPU.ActiveCfg = Release|Any CPU
		{9C3779BE-915B-45F5-9B75-0E7AB7CEB2E9}.Release|Any CPU.Build.0 = Release|Any CPU
		{9C3779BE-915B-45F5-9B75-0E7AB7CEB2E9}.Release|x64.ActiveCfg = Release|Any CPU
		{9C3779BE-915B-45F5-9B75-0E7AB7CEB2E9}.Release|x64.Build.0 = Release|Any CPU
		{9C3779BE-915B-45F5-9B75-0E7AB7CEB2E9}.Release|x86.ActiveCfg = Release|Any CPU
		{9C3779BE-915B-45F5-9B75-0E7AB7CEB2E9}.Release|x86.Build.0 = Release|Any CPU
		{912A7BBB-3F91-4561-8440-0907856DE44B}.Debug|Any CPU.ActiveCfg = Debug|Any CPU
		{912A7BBB-3F91-4561-8440-0907856DE44B}.Debug|Any CPU.Build.0 = Debug|Any CPU
		{912A7BBB-3F91-4561-8440-0907856DE44B}.Debug|x64.ActiveCfg = Debug|Any CPU
		{912A7BBB-3F91-4561-8440-0907856DE44B}.Debug|x64.Build.0 = Debug|Any CPU
		{912A7BBB-3F91-4561-8440-0907856DE44B}.Debug|x86.ActiveCfg = Debug|Any CPU
		{912A7BBB-3F91-4561-8440-0907856DE44B}.Debug|x86.Build.0 = Debug|Any CPU
		{912A7BBB-3F91-4561-8440-0907856DE44B}.Release|Any CPU.ActiveCfg = Release|Any CPU
		{912A7BBB-3F91-4561-8440-0907856DE44B}.Release|Any CPU.Build.0 = Release|Any CPU
		{912A7BBB-3F91-4561-8440-0907856DE44B}.Release|x64.ActiveCfg = Release|Any CPU
		{912A7BBB-3F91-4561-8440-0907856DE44B}.Release|x64.Build.0 = Release|Any CPU
		{912A7BBB-3F91-4561-8440-0907856DE44B}.Release|x86.ActiveCfg = Release|Any CPU
		{912A7BBB-3F91-4561-8440-0907856DE44B}.Release|x86.Build.0 = Release|Any CPU
		{B2B6E996-7536-4036-946F-6ADCE99C7BE0}.Debug|Any CPU.ActiveCfg = Debug|Any CPU
		{B2B6E996-7536-4036-946F-6ADCE99C7BE0}.Debug|Any CPU.Build.0 = Debug|Any CPU
		{B2B6E996-7536-4036-946F-6ADCE99C7BE0}.Debug|x64.ActiveCfg = Debug|Any CPU
		{B2B6E996-7536-4036-946F-6ADCE99C7BE0}.Debug|x64.Build.0 = Debug|Any CPU
		{B2B6E996-7536-4036-946F-6ADCE99C7BE0}.Debug|x86.ActiveCfg = Debug|Any CPU
		{B2B6E996-7536-4036-946F-6ADCE99C7BE0}.Debug|x86.Build.0 = Debug|Any CPU
		{B2B6E996-7536-4036-946F-6ADCE99C7BE0}.Release|Any CPU.ActiveCfg = Release|Any CPU
		{B2B6E996-7536-4036-946F-6ADCE99C7BE0}.Release|Any CPU.Build.0 = Release|Any CPU
		{B2B6E996-7536-4036-946F-6ADCE99C7BE0}.Release|x64.ActiveCfg = Release|Any CPU
		{B2B6E996-7536-4036-946F-6ADCE99C7BE0}.Release|x64.Build.0 = Release|Any CPU
		{B2B6E996-7536-4036-946F-6ADCE99C7BE0}.Release|x86.ActiveCfg = Release|Any CPU
		{B2B6E996-7536-4036-946F-6ADCE99C7BE0}.Release|x86.Build.0 = Release|Any CPU
	EndGlobalSection
	GlobalSection(SolutionProperties) = preSolution
		HideSolutionNode = FALSE
	EndGlobalSection
EndGlobal
